
Microsoft Visual Studio Solution File, Format Version 12.00
# Visual Studio Version 17
VisualStudioVersion = 17.9.34902.65
MinimumVisualStudioVersion = 10.0.40219.1
Project("{FAE04EC0-301F-11D3-BF4B-00C04F79EFBC}") = "TiendaMicroservicio.Api.Libro", "TiendaMicroservicio.Api.Libro\TiendaMicroservicio.Api.Libro.csproj", "{7389C3DC-DCDF-4950-A9A0-1E0EA86D13C3}"
EndProject
Global
	GlobalSection(SolutionConfigurationPlatforms) = preSolution
		Debug|Any CPU = Debug|Any CPU
		Release|Any CPU = Release|Any CPU
	EndGlobalSection
	GlobalSection(ProjectConfigurationPlatforms) = postSolution
		{7389C3DC-DCDF-4950-A9A0-1E0EA86D13C3}.Debug|Any CPU.ActiveCfg = Debug|Any CPU
		{7389C3DC-DCDF-4950-A9A0-1E0EA86D13C3}.Debug|Any CPU.Build.0 = Debug|Any CPU
		{7389C3DC-DCDF-4950-A9A0-1E0EA86D13C3}.Release|Any CPU.ActiveCfg = Release|Any CPU
		{7389C3DC-DCDF-4950-A9A0-1E0EA86D13C3}.Release|Any CPU.Build.0 = Release|Any CPU
	EndGlobalSection
	GlobalSection(SolutionProperties) = preSolution
		HideSolutionNode = FALSE
	EndGlobalSection
	GlobalSection(ExtensibilityGlobals) = postSolution
		SolutionGuid = {512C9109-7E08-4B5D-AA01-FD866EB8369C}
	EndGlobalSection
EndGlobal
